// !$*UTF8*$!
{
	archiveVersion = 1;
	classes = {
	};
	objectVersion = 46;
	objects = {

/* Begin PBXBuildFile section */
		2F5C4CDC1F2AD43D00B0E63A /* main.m in Sources */ = {isa = PBXBuildFile; fileRef = 2F5C4CDB1F2AD43D00B0E63A /* main.m */; };
		2F5C4CDF1F2AD43D00B0E63A /* AppDelegate.m in Sources */ = {isa = PBXBuildFile; fileRef = 2F5C4CDE1F2AD43D00B0E63A /* AppDelegate.m */; };
		2F5C4CE21F2AD43D00B0E63A /* ViewController.m in Sources */ = {isa = PBXBuildFile; fileRef = 2F5C4CE11F2AD43D00B0E63A /* ViewController.m */; };
		2F5C4CE51F2AD43D00B0E63A /* Main.storyboard in Resources */ = {isa = PBXBuildFile; fileRef = 2F5C4CE31F2AD43D00B0E63A /* Main.storyboard */; };
		2F5C4CE71F2AD43E00B0E63A /* Assets.xcassets in Resources */ = {isa = PBXBuildFile; fileRef = 2F5C4CE61F2AD43E00B0E63A /* Assets.xcassets */; };
		2F5C4CEA1F2AD43E00B0E63A /* LaunchScreen.storyboard in Resources */ = {isa = PBXBuildFile; fileRef = 2F5C4CE81F2AD43E00B0E63A /* LaunchScreen.storyboard */; };
		2F5C4CF51F2AD43E00B0E63A /* CustomerButtonTests.m in Sources */ = {isa = PBXBuildFile; fileRef = 2F5C4CF41F2AD43E00B0E63A /* CustomerButtonTests.m */; };
		2F5C4D001F2AD43E00B0E63A /* CustomerButtonUITests.m in Sources */ = {isa = PBXBuildFile; fileRef = 2F5C4CFF1F2AD43E00B0E63A /* CustomerButtonUITests.m */; };
		2F5C4D0F1F2AD47200B0E63A /* CDACustomerButton.m in Sources */ = {isa = PBXBuildFile; fileRef = 2F5C4D0E1F2AD47200B0E63A /* CDACustomerButton.m */; };
		2F5C4D111F2AD53F00B0E63A /* xinx_kx@2x.jpg in Resources */ = {isa = PBXBuildFile; fileRef = 2F5C4D101F2AD53F00B0E63A /* xinx_kx@2x.jpg */; };
		2F5C4D131F2AD65200B0E63A /* A1BC1DB5-D767-4CAC-A4D8-42448695DE5D.png in Resources */ = {isa = PBXBuildFile; fileRef = 2F5C4D121F2AD65200B0E63A /* A1BC1DB5-D767-4CAC-A4D8-42448695DE5D.png */; };
/* End PBXBuildFile section */

/* Begin PBXContainerItemProxy section */
		2F5C4CF11F2AD43E00B0E63A /* PBXContainerItemProxy */ = {
			isa = PBXContainerItemProxy;
			containerPortal = 2F5C4CCF1F2AD43D00B0E63A /* Project object */;
			proxyType = 1;
			remoteGlobalIDString = 2F5C4CD61F2AD43D00B0E63A;
			remoteInfo = CustomerButton;
		};
		2F5C4CFC1F2AD43E00B0E63A /* PBXContainerItemProxy */ = {
			isa = PBXContainerItemProxy;
			containerPortal = 2F5C4CCF1F2AD43D00B0E63A /* Project object */;
			proxyType = 1;
			remoteGlobalIDString = 2F5C4CD61F2AD43D00B0E63A;
			remoteInfo = CustomerButton;
		};
/* End PBXContainerItemProxy section */

/* Begin PBXFileReference section */
		2F5C4CD71F2AD43D00B0E63A /* CustomerButton.app */ = {isa = PBXFileReference; explicitFileType = wrapper.application; includeInIndex = 0; path = CustomerButton.app; sourceTree = BUILT_PRODUCTS_DIR; };
		2F5C4CDB1F2AD43D00B0E63A /* main.m */ = {isa = PBXFileReference; lastKnownFileType = sourcecode.c.objc; path = main.m; sourceTree = "<group>"; };
		2F5C4CDD1F2AD43D00B0E63A /* AppDelegate.h */ = {isa = PBXFileReference; lastKnownFileType = sourcecode.c.h; path = AppDelegate.h; sourceTree = "<group>"; };
		2F5C4CDE1F2AD43D00B0E63A /* AppDelegate.m */ = {isa = PBXFileReference; lastKnownFileType = sourcecode.c.objc; path = AppDelegate.m; sourceTree = "<group>"; };
		2F5C4CE01F2AD43D00B0E63A /* ViewController.h */ = {isa = PBXFileReference; lastKnownFileType = sourcecode.c.h; path = ViewController.h; sourceTree = "<group>"; };
		2F5C4CE11F2AD43D00B0E63A /* ViewController.m */ = {isa = PBXFileReference; lastKnownFileType = sourcecode.c.objc; path = ViewController.m; sourceTree = "<group>"; };
		2F5C4CE41F2AD43D00B0E63A /* Base */ = {isa = PBXFileReference; lastKnownFileType = file.storyboard; name = Base; path = Base.lproj/Main.storyboard; sourceTree = "<group>"; };
		2F5C4CE61F2AD43E00B0E63A /* Assets.xcassets */ = {isa = PBXFileReference; lastKnownFileType = folder.assetcatalog; path = Assets.xcassets; sourceTree = "<group>"; };
		2F5C4CE91F2AD43E00B0E63A /* Base */ = {isa = PBXFileReference; lastKnownFileType = file.storyboard; name = Base; path = Base.lproj/LaunchScreen.storyboard; sourceTree = "<group>"; };
		2F5C4CEB1F2AD43E00B0E63A /* Info.plist */ = {isa = PBXFileReference; lastKnownFileType = text.plist.xml; path = Info.plist; sourceTree = "<group>"; };
		2F5C4CF01F2AD43E00B0E63A /* CustomerButtonTests.xctest */ = {isa = PBXFileReference; explicitFileType = wrapper.cfbundle; includeInIndex = 0; path = CustomerButtonTests.xctest; sourceTree = BUILT_PRODUCTS_DIR; };
		2F5C4CF41F2AD43E00B0E63A /* CustomerButtonTests.m */ = {isa = PBXFileReference; lastKnownFileType = sourcecode.c.objc; path = CustomerButtonTests.m; sourceTree = "<group>"; };
		2F5C4CF61F2AD43E00B0E63A /* Info.plist */ = {isa = PBXFileReference; lastKnownFileType = text.plist.xml; path = Info.plist; sourceTree = "<group>"; };
		2F5C4CFB1F2AD43E00B0E63A /* CustomerButtonUITests.xctest */ = {isa = PBXFileReference; explicitFileType = wrapper.cfbundle; includeInIndex = 0; path = CustomerButtonUITests.xctest; sourceTree = BUILT_PRODUCTS_DIR; };
		2F5C4CFF1F2AD43E00B0E63A /* CustomerButtonUITests.m */ = {isa = PBXFileReference; lastKnownFileType = sourcecode.c.objc; path = CustomerButtonUITests.m; sourceTree = "<group>"; };
		2F5C4D011F2AD43E00B0E63A /* Info.plist */ = {isa = PBXFileReference; lastKnownFileType = text.plist.xml; path = Info.plist; sourceTree = "<group>"; };
		2F5C4D0D1F2AD47200B0E63A /* CDACustomerButton.h */ = {isa = PBXFileReference; fileEncoding = 4; lastKnownFileType = sourcecode.c.h; path = CDACustomerButton.h; sourceTree = "<group>"; };
		2F5C4D0E1F2AD47200B0E63A /* CDACustomerButton.m */ = {isa = PBXFileReference; fileEncoding = 4; lastKnownFileType = sourcecode.c.objc; path = CDACustomerButton.m; sourceTree = "<group>"; };
		2F5C4D101F2AD53F00B0E63A /* xinx_kx@2x.jpg */ = {isa = PBXFileReference; lastKnownFileType = image.jpeg; path = "xinx_kx@2x.jpg"; sourceTree = "<group>"; };
		2F5C4D121F2AD65200B0E63A /* A1BC1DB5-D767-4CAC-A4D8-42448695DE5D.png */ = {isa = PBXFileReference; lastKnownFileType = image.png; path = "A1BC1DB5-D767-4CAC-A4D8-42448695DE5D.png"; sourceTree = "<group>"; };
/* End PBXFileReference section */

/* Begin PBXFrameworksBuildPhase section */
		2F5C4CD41F2AD43D00B0E63A /* Frameworks */ = {
			isa = PBXFrameworksBuildPhase;
			buildActionMask = 2147483647;
			files = (
			);
			runOnlyForDeploymentPostprocessing = 0;
		};
		2F5C4CED1F2AD43E00B0E63A /* Frameworks */ = {
			isa = PBXFrameworksBuildPhase;
			buildActionMask = 2147483647;
			files = (
			);
			runOnlyForDeploymentPostprocessing = 0;
		};
		2F5C4CF81F2AD43E00B0E63A /* Frameworks */ = {
			isa = PBXFrameworksBuildPhase;
			buildActionMask = 2147483647;
			files = (
			);
			runOnlyForDeploymentPostprocessing = 0;
		};
/* End PBXFrameworksBuildPhase section */

/* Begin PBXGroup section */
		2F5C4CCE1F2AD43D00B0E63A = {
			isa = PBXGroup;
			children = (
				2F5C4D121F2AD65200B0E63A /* A1BC1DB5-D767-4CAC-A4D8-42448695DE5D.png */,
				2F5C4D101F2AD53F00B0E63A /* xinx_kx@2x.jpg */,
				2F5C4D0D1F2AD47200B0E63A /* CDACustomerButton.h */,
				2F5C4D0E1F2AD47200B0E63A /* CDACustomerButton.m */,
				2F5C4CD91F2AD43D00B0E63A /* CustomerButton */,
				2F5C4CF31F2AD43E00B0E63A /* CustomerButtonTests */,
				2F5C4CFE1F2AD43E00B0E63A /* CustomerButtonUITests */,
				2F5C4CD81F2AD43D00B0E63A /* Products */,
			);
			sourceTree = "<group>";
		};
		2F5C4CD81F2AD43D00B0E63A /* Products */ = {
			isa = PBXGroup;
			children = (
				2F5C4CD71F2AD43D00B0E63A /* CustomerButton.app */,
				2F5C4CF01F2AD43E00B0E63A /* CustomerButtonTests.xctest */,
				2F5C4CFB1F2AD43E00B0E63A /* CustomerButtonUITests.xctest */,
			);
			name = Products;
			sourceTree = "<group>";
		};
		2F5C4CD91F2AD43D00B0E63A /* CustomerButton */ = {
			isa = PBXGroup;
			children = (
				2F5C4CDD1F2AD43D00B0E63A /* AppDelegate.h */,
				2F5C4CDE1F2AD43D00B0E63A /* AppDelegate.m */,
				2F5C4CE01F2AD43D00B0E63A /* ViewController.h */,
				2F5C4CE11F2AD43D00B0E63A /* ViewController.m */,
				2F5C4CE31F2AD43D00B0E63A /* Main.storyboard */,
				2F5C4CE61F2AD43E00B0E63A /* Assets.xcassets */,
				2F5C4CE81F2AD43E00B0E63A /* LaunchScreen.storyboard */,
				2F5C4CEB1F2AD43E00B0E63A /* Info.plist */,
				2F5C4CDA1F2AD43D00B0E63A /* Supporting Files */,
			);
			path = CustomerButton;
			sourceTree = "<group>";
		};
		2F5C4CDA1F2AD43D00B0E63A /* Supporting Files */ = {
			isa = PBXGroup;
			children = (
				2F5C4CDB1F2AD43D00B0E63A /* main.m */,
			);
			name = "Supporting Files";
			sourceTree = "<group>";
		};
		2F5C4CF31F2AD43E00B0E63A /* CustomerButtonTests */ = {
			isa = PBXGroup;
			children = (
				2F5C4CF41F2AD43E00B0E63A /* CustomerButtonTests.m */,
				2F5C4CF61F2AD43E00B0E63A /* Info.plist */,
			);
			path = CustomerButtonTests;
			sourceTree = "<group>";
		};
		2F5C4CFE1F2AD43E00B0E63A /* CustomerButtonUITests */ = {
			isa = PBXGroup;
			children = (
				2F5C4CFF1F2AD43E00B0E63A /* CustomerButtonUITests.m */,
				2F5C4D011F2AD43E00B0E63A /* Info.plist */,
			);
			path = CustomerButtonUITests;
			sourceTree = "<group>";
		};
/* End PBXGroup section */

/* Begin PBXNativeTarget section */
		2F5C4CD61F2AD43D00B0E63A /* CustomerButton */ = {
			isa = PBXNativeTarget;
			buildConfigurationList = 2F5C4D041F2AD43E00B0E63A /* Build configuration list for PBXNativeTarget "CustomerButton" */;
			buildPhases = (
				2F5C4CD31F2AD43D00B0E63A /* Sources */,
				2F5C4CD41F2AD43D00B0E63A /* Frameworks */,
				2F5C4CD51F2AD43D00B0E63A /* Resources */,
			);
			buildRules = (
			);
			dependencies = (
			);
			name = CustomerButton;
			productName = CustomerButton;
			productReference = 2F5C4CD71F2AD43D00B0E63A /* CustomerButton.app */;
			productType = "com.apple.product-type.application";
		};
		2F5C4CEF1F2AD43E00B0E63A /* CustomerButtonTests */ = {
			isa = PBXNativeTarget;
			buildConfigurationList = 2F5C4D071F2AD43E00B0E63A /* Build configuration list for PBXNativeTarget "CustomerButtonTests" */;
			buildPhases = (
				2F5C4CEC1F2AD43E00B0E63A /* Sources */,
				2F5C4CED1F2AD43E00B0E63A /* Frameworks */,
				2F5C4CEE1F2AD43E00B0E63A /* Resources */,
			);
			buildRules = (
			);
			dependencies = (
				2F5C4CF21F2AD43E00B0E63A /* PBXTargetDependency */,
			);
			name = CustomerButtonTests;
			productName = CustomerButtonTests;
			productReference = 2F5C4CF01F2AD43E00B0E63A /* CustomerButtonTests.xctest */;
			productType = "com.apple.product-type.bundle.unit-test";
		};
		2F5C4CFA1F2AD43E00B0E63A /* CustomerButtonUITests */ = {
			isa = PBXNativeTarget;
			buildConfigurationList = 2F5C4D0A1F2AD43E00B0E63A /* Build configuration list for PBXNativeTarget "CustomerButtonUITests" */;
			buildPhases = (
				2F5C4CF71F2AD43E00B0E63A /* Sources */,
				2F5C4CF81F2AD43E00B0E63A /* Frameworks */,
				2F5C4CF91F2AD43E00B0E63A /* Resources */,
			);
			buildRules = (
			);
			dependencies = (
				2F5C4CFD1F2AD43E00B0E63A /* PBXTargetDependency */,
			);
			name = CustomerButtonUITests;
			productName = CustomerButtonUITests;
			productReference = 2F5C4CFB1F2AD43E00B0E63A /* CustomerButtonUITests.xctest */;
			productType = "com.apple.product-type.bundle.ui-testing";
		};
/* End PBXNativeTarget section */

/* Begin PBXProject section */
		2F5C4CCF1F2AD43D00B0E63A /* Project object */ = {
			isa = PBXProject;
			attributes = {
				LastUpgradeCheck = 0830;
				ORGANIZATIONNAME = "赵小波";
				TargetAttributes = {
					2F5C4CD61F2AD43D00B0E63A = {
						CreatedOnToolsVersion = 8.3.3;
						DevelopmentTeam = PQ3L95ZDNP;
						ProvisioningStyle = Automatic;
					};
					2F5C4CEF1F2AD43E00B0E63A = {
						CreatedOnToolsVersion = 8.3.3;
						DevelopmentTeam = PQ3L95ZDNP;
						ProvisioningStyle = Automatic;
						TestTargetID = 2F5C4CD61F2AD43D00B0E63A;
					};
					2F5C4CFA1F2AD43E00B0E63A = {
						CreatedOnToolsVersion = 8.3.3;
						DevelopmentTeam = PQ3L95ZDNP;
						ProvisioningStyle = Automatic;
						TestTargetID = 2F5C4CD61F2AD43D00B0E63A;
					};
				};
			};
			buildConfigurationList = 2F5C4CD21F2AD43D00B0E63A /* Build configuration list for PBXProject "CustomerButton" */;
			compatibilityVersion = "Xcode 3.2";
			developmentRegion = English;
			hasScannedForEncodings = 0;
			knownRegions = (
				en,
				Base,
			);
			mainGroup = 2F5C4CCE1F2AD43D00B0E63A;
			productRefGroup = 2F5C4CD81F2AD43D00B0E63A /* Products */;
			projectDirPath = "";
			projectRoot = "";
			targets = (
				2F5C4CD61F2AD43D00B0E63A /* CustomerButton */,
				2F5C4CEF1F2AD43E00B0E63A /* CustomerButtonTests */,
				2F5C4CFA1F2AD43E00B0E63A /* CustomerButtonUITests */,
			);
		};
/* End PBXProject section */

/* Begin PBXResourcesBuildPhase section */
		2F5C4CD51F2AD43D00B0E63A /* Resources */ = {
			isa = PBXResourcesBuildPhase;
			buildActionMask = 2147483647;
			files = (
				2F5C4D111F2AD53F00B0E63A /* xinx_kx@2x.jpg in Resources */,
				2F5C4CEA1F2AD43E00B0E63A /* LaunchScreen.storyboard in Resources */,
				2F5C4D131F2AD65200B0E63A /* A1BC1DB5-D767-4CAC-A4D8-42448695DE5D.png in Resources */,
				2F5C4CE71F2AD43E00B0E63A /* Assets.xcassets in Resources */,
				2F5C4CE51F2AD43D00B0E63A /* Main.storyboard in Resources */,
			);
			runOnlyForDeploymentPostprocessing = 0;
		};
		2F5C4CEE1F2AD43E00B0E63A /* Resources */ = {
			isa = PBXResourcesBuildPhase;
			buildActionMask = 2147483647;
			files = (
			);
			runOnlyForDeploymentPostprocessing = 0;
		};
		2F5C4CF91F2AD43E00B0E63A /* Resources */ = {
			isa = PBXResourcesBuildPhase;
			buildActionMask = 2147483647;
			files = (
			);
			runOnlyForDeploymentPostprocessing = 0;
		};
/* End PBXResourcesBuildPhase section */

/* Begin PBXSourcesBuildPhase section */
		2F5C4CD31F2AD43D00B0E63A /* Sources */ = {
			isa = PBXSourcesBuildPhase;
			buildActionMask = 2147483647;
			files = (
				2F5C4D0F1F2AD47200B0E63A /* CDACustomerButton.m in Sources */,
				2F5C4CE21F2AD43D00B0E63A /* ViewController.m in Sources */,
				2F5C4CDF1F2AD43D00B0E63A /* AppDelegate.m in Sources */,
				2F5C4CDC1F2AD43D00B0E63A /* main.m in Sources */,
			);
			runOnlyForDeploymentPostprocessing = 0;
		};
		2F5C4CEC1F2AD43E00B0E63A /* Sources */ = {
			isa = PBXSourcesBuildPhase;
			buildActionMask = 2147483647;
			files = (
				2F5C4CF51F2AD43E00B0E63A /* CustomerButtonTests.m in Sources */,
			);
			runOnlyForDeploymentPostprocessing = 0;
		};
		2F5C4CF71F2AD43E00B0E63A /* Sources */ = {
			isa = PBXSourcesBuildPhase;
			buildActionMask = 2147483647;
			files = (
				2F5C4D001F2AD43E00B0E63A /* CustomerButtonUITests.m in Sources */,
			);
			runOnlyForDeploymentPostprocessing = 0;
		};
/* End PBXSourcesBuildPhase section */

/* Begin PBXTargetDependency section */
		2F5C4CF21F2AD43E00B0E63A /* PBXTargetDependency */ = {
			isa = PBXTargetDependency;
			target = 2F5C4CD61F2AD43D00B0E63A /* CustomerButton */;
			targetProxy = 2F5C4CF11F2AD43E00B0E63A /* PBXContainerItemProxy */;
		};
		2F5C4CFD1F2AD43E00B0E63A /* PBXTargetDependency */ = {
			isa = PBXTargetDependency;
			target = 2F5C4CD61F2AD43D00B0E63A /* CustomerButton */;
			targetProxy = 2F5C4CFC1F2AD43E00B0E63A /* PBXContainerItemProxy */;
		};
/* End PBXTargetDependency section */

/* Begin PBXVariantGroup section */
		2F5C4CE31F2AD43D00B0E63A /* Main.storyboard */ = {
			isa = PBXVariantGroup;
			children = (
				2F5C4CE41F2AD43D00B0E63A /* Base */,
			);
			name = Main.storyboard;
			sourceTree = "<group>";
		};
		2F5C4CE81F2AD43E00B0E63A /* LaunchScreen.storyboard */ = {
			isa = PBXVariantGroup;
			children = (
				2F5C4CE91F2AD43E00B0E63A /* Base */,
			);
			name = LaunchScreen.storyboard;
			sourceTree = "<group>";
		};
/* End PBXVariantGroup section */

/* Begin XCBuildConfiguration section */
		2F5C4D021F2AD43E00B0E63A /* Debug */ = {
			isa = XCBuildConfiguration;
			buildSettings = {
				ALWAYS_SEARCH_USER_PATHS = NO;
				CLANG_ANALYZER_NONNULL = YES;
				CLANG_ANALYZER_NUMBER_OBJECT_CONVERSION = YES_AGGRESSIVE;
				CLANG_CXX_LANGUAGE_STANDARD = "gnu++0x";
				CLANG_CXX_LIBRARY = "libc++";
				CLANG_ENABLE_MODULES = YES;
				CLANG_ENABLE_OBJC_ARC = YES;
				CLANG_WARN_BOOL_CONVERSION = YES;
				CLANG_WARN_CONSTANT_CONVERSION = YES;
				CLANG_WARN_DIRECT_OBJC_ISA_USAGE = YES_ERROR;
				CLANG_WARN_DOCUMENTATION_COMMENTS = YES;
				CLANG_WARN_EMPTY_BODY = YES;
				CLANG_WARN_ENUM_CONVERSION = YES;
				CLANG_WARN_INFINITE_RECURSION = YES;
				CLANG_WARN_INT_CONVERSION = YES;
				CLANG_WARN_OBJC_ROOT_CLASS = YES_ERROR;
				CLANG_WARN_SUSPICIOUS_MOVE = YES;
				CLANG_WARN_UNREACHABLE_CODE = YES;
				CLANG_WARN__DUPLICATE_METHOD_MATCH = YES;
				"CODE_SIGN_IDENTITY[sdk=iphoneos*]" = "iPhone Developer";
				COPY_PHASE_STRIP = NO;
				DEBUG_INFORMATION_FORMAT = dwarf;
				ENABLE_STRICT_OBJC_MSGSEND = YES;
				ENABLE_TESTABILITY = YES;
				GCC_C_LANGUAGE_STANDARD = gnu99;
				GCC_DYNAMIC_NO_PIC = NO;
				GCC_NO_COMMON_BLOCKS = YES;
				GCC_OPTIMIZATION_LEVEL = 0;
				GCC_PREPROCESSOR_DEFINITIONS = (
					"DEBUG=1",
					"$(inherited)",
				);
				GCC_WARN_64_TO_32_BIT_CONVERSION = YES;
				GCC_WARN_ABOUT_RETURN_TYPE = YES_ERROR;
				GCC_WARN_UNDECLARED_SELECTOR = YES;
				GCC_WARN_UNINITIALIZED_AUTOS = YES_AGGRESSIVE;
				GCC_WARN_UNUSED_FUNCTION = YES;
				GCC_WARN_UNUSED_VARIABLE = YES;
				IPHONEOS_DEPLOYMENT_TARGET = 10.3;
				MTL_ENABLE_DEBUG_INFO = YES;
				ONLY_ACTIVE_ARCH = YES;
				SDKROOT = iphoneos;
				TARGETED_DEVICE_FAMILY = "1,2";
			};
			name = Debug;
		};
		2F5C4D031F2AD43E00B0E63A /* Release */ = {
			isa = XCBuildConfiguration;
			buildSettings = {
				ALWAYS_SEARCH_USER_PATHS = NO;
				CLANG_ANALYZER_NONNULL = YES;
				CLANG_ANALYZER_NUMBER_OBJECT_CONVERSION = YES_AGGRESSIVE;
				CLANG_CXX_LANGUAGE_STANDARD = "gnu++0x";
				CLANG_CXX_LIBRARY = "libc++";
				CLANG_ENABLE_MODULES = YES;
				CLANG_ENABLE_OBJC_ARC = YES;
				CLANG_WARN_BOOL_CONVERSION = YES;
				CLANG_WARN_CONSTANT_CONVERSION = YES;
				CLANG_WARN_DIRECT_OBJC_ISA_USAGE = YES_ERROR;
				CLANG_WARN_DOCUMENTATION_COMMENTS = YES;
				CLANG_WARN_EMPTY_BODY = YES;
				CLANG_WARN_ENUM_CONVERSION = YES;
				CLANG_WARN_INFINITE_RECURSION = YES;
				CLANG_WARN_INT_CONVERSION = YES;
				CLANG_WARN_OBJC_ROOT_CLASS = YES_ERROR;
				CLANG_WARN_SUSPICIOUS_MOVE = YES;
				CLANG_WARN_UNREACHABLE_CODE = YES;
				CLANG_WARN__DUPLICATE_METHOD_MATCH = YES;
				"CODE_SIGN_IDENTITY[sdk=iphoneos*]" = "iPhone Developer";
				COPY_PHASE_STRIP = NO;
				DEBUG_INFORMATION_FORMAT = "dwarf-with-dsym";
				ENABLE_NS_ASSERTIONS = NO;
				ENABLE_STRICT_OBJC_MSGSEND = YES;
				GCC_C_LANGUAGE_STANDARD = gnu99;
				GCC_NO_COMMON_BLOCKS = YES;
				GCC_WARN_64_TO_32_BIT_CONVERSION = YES;
				GCC_WARN_ABOUT_RETURN_TYPE = YES_ERROR;
				GCC_WARN_UNDECLARED_SELECTOR = YES;
				GCC_WARN_UNINITIALIZED_AUTOS = YES_AGGRESSIVE;
				GCC_WARN_UNUSED_FUNCTION = YES;
				GCC_WARN_UNUSED_VARIABLE = YES;
				IPHONEOS_DEPLOYMENT_TARGET = 10.3;
				MTL_ENABLE_DEBUG_INFO = NO;
				SDKROOT = iphoneos;
				TARGETED_DEVICE_FAMILY = "1,2";
				VALIDATE_PRODUCT = YES;
			};
			name = Release;
		};
		2F5C4D051F2AD43E00B0E63A /* Debug */ = {
			isa = XCBuildConfiguration;
			buildSettings = {
				ASSETCATALOG_COMPILER_APPICON_NAME = AppIcon;
				DEVELOPMENT_TEAM = PQ3L95ZDNP;
				INFOPLIST_FILE = CustomerButton/Info.plist;
				LD_RUNPATH_SEARCH_PATHS = "$(inherited) @executable_path/Frameworks";
				PRODUCT_BUNDLE_IDENTIFIER = xiaobo.com.CustomerButton;
				PRODUCT_NAME = "$(TARGET_NAME)";
			};
			name = Debug;
		};
		2F5C4D061F2AD43E00B0E63A /* Release */ = {
			isa = XCBuildConfiguration;
			buildSettings = {
				ASSETCATALOG_COMPILER_APPICON_NAME = AppIcon;
				DEVELOPMENT_TEAM = PQ3L95ZDNP;
				INFOPLIST_FILE = CustomerButton/Info.plist;
				LD_RUNPATH_SEARCH_PATHS = "$(inherited) @executable_path/Frameworks";
				PRODUCT_BUNDLE_IDENTIFIER = xiaobo.com.CustomerButton;
				PRODUCT_NAME = "$(TARGET_NAME)";
			};
			name = Release;
		};
		2F5C4D081F2AD43E00B0E63A /* Debug */ = {
			isa = XCBuildConfiguration;
			buildSettings = {
				BUNDLE_LOADER = "$(TEST_HOST)";
				DEVELOPMENT_TEAM = PQ3L95ZDNP;
				INFOPLIST_FILE = CustomerButtonTests/Info.plist;
				LD_RUNPATH_SEARCH_PATHS = "$(inherited) @executable_path/Frameworks @loader_path/Frameworks";
				PRODUCT_BUNDLE_IDENTIFIER = xiaobo.com.CustomerButtonTests;
				PRODUCT_NAME = "$(TARGET_NAME)";
				TEST_HOST = "$(BUILT_PRODUCTS_DIR)/CustomerButton.app/CustomerButton";
			};
			name = Debug;
		};
		2F5C4D091F2AD43E00B0E63A /* Release */ = {
			isa = XCBuildConfiguration;
			buildSettings = {
				BUNDLE_LOADER = "$(TEST_HOST)";
				DEVELOPMENT_TEAM = PQ3L95ZDNP;
				INFOPLIST_FILE = CustomerButtonTests/Info.plist;
				LD_RUNPATH_SEARCH_PATHS = "$(inherited) @executable_path/Frameworks @loader_path/Frameworks";
				PRODUCT_BUNDLE_IDENTIFIER = xiaobo.com.CustomerButtonTests;
				PRODUCT_NAME = "$(TARGET_NAME)";
				TEST_HOST = "$(BUILT_PRODUCTS_DIR)/CustomerButton.app/CustomerButton";
			};
			name = Release;
		};
		2F5C4D0B1F2AD43E00B0E63A /* Debug */ = {
			isa = XCBuildConfiguration;
			buildSettings = {
				DEVELOPMENT_TEAM = PQ3L95ZDNP;
				INFOPLIST_FILE = CustomerButtonUITests/Info.plist;
				LD_RUNPATH_SEARCH_PATHS = "$(inherited) @executable_path/Frameworks @loader_path/Frameworks";
				PRODUCT_BUNDLE_IDENTIFIER = xiaobo.com.CustomerButtonUITests;
				PRODUCT_NAME = "$(TARGET_NAME)";
				TEST_TARGET_NAME = CustomerButton;
			};
			name = Debug;
		};
		2F5C4D0C1F2AD43E00B0E63A /* Release */ = {
			isa = XCBuildConfiguration;
			buildSettings = {
				DEVELOPMENT_TEAM = PQ3L95ZDNP;
				INFOPLIST_FILE = CustomerButtonUITests/Info.plist;
				LD_RUNPATH_SEARCH_PATHS = "$(inherited) @executable_path/Frameworks @loader_path/Frameworks";
				PRODUCT_BUNDLE_IDENTIFIER = xiaobo.com.CustomerButtonUITests;
				PRODUCT_NAME = "$(TARGET_NAME)";
				TEST_TARGET_NAME = CustomerButton;
			};
			name = Release;
		};
/* End XCBuildConfiguration section */

/* Begin XCConfigurationList section */
		2F5C4CD21F2AD43D00B0E63A /* Build configuration list for PBXProject "CustomerButton" */ = {
			isa = XCConfigurationList;
			buildConfigurations = (
				2F5C4D021F2AD43E00B0E63A /* Debug */,
				2F5C4D031F2AD43E00B0E63A /* Release */,
			);
			defaultConfigurationIsVisible = 0;
			defaultConfigurationName = Release;
		};
		2F5C4D041F2AD43E00B0E63A /* Build configuration list for PBXNativeTarget "CustomerButton" */ = {
			isa = XCConfigurationList;
			buildConfigurations = (
				2F5C4D051F2AD43E00B0E63A /* Debug */,
				2F5C4D061F2AD43E00B0E63A /* Release */,
			);
			defaultConfigurationIsVisible = 0;
		};
		2F5C4D071F2AD43E00B0E63A /* Build configuration list for PBXNativeTarget "CustomerButtonTests" */ = {
			isa = XCConfigurationList;
			buildConfigurations = (
				2F5C4D081F2AD43E00B0E63A /* Debug */,
				2F5C4D091F2AD43E00B0E63A /* Release */,
			);
			defaultConfigurationIsVisible = 0;
		};
		2F5C4D0A1F2AD43E00B0E63A /* Build configuration list for PBXNativeTarget "CustomerButtonUITests" */ = {
			isa = XCConfigurationList;
			buildConfigurations = (
				2F5C4D0B1F2AD43E00B0E63A /* Debug */,
				2F5C4D0C1F2AD43E00B0E63A /* Release */,
			);
			defaultConfigurationIsVisible = 0;
		};
/* End XCConfigurationList section */
	};
	rootObject = 2F5C4CCF1F2AD43D00B0E63A /* Project object */;
}
